
Microsoft Visual Studio Solution File, Format Version 12.00
# Visual Studio Version 17
VisualStudioVersion = 17.4.33403.182
MinimumVisualStudioVersion = 10.0.40219.1
Project("{FAE04EC0-301F-11D3-BF4B-00C04F79EFBC}") = "CategoryBankTrades", "CategoryBankTrades.csproj", "{DAAE1A4A-5425-4E6E-9EC8-108BBBC704BE}"
EndProject
Global
	GlobalSection(SolutionConfigurationPlatforms) = preSolution
		Debug|Any CPU = Debug|Any CPU
		Release|Any CPU = Release|Any CPU
	EndGlobalSection
	GlobalSection(ProjectConfigurationPlatforms) = postSolution
		{DAAE1A4A-5425-4E6E-9EC8-108BBBC704BE}.Debug|Any CPU.ActiveCfg = Debug|Any CPU
		{DAAE1A4A-5425-4E6E-9EC8-108BBBC704BE}.Debug|Any CPU.Build.0 = Debug|Any CPU
		{DAAE1A4A-5425-4E6E-9EC8-108BBBC704BE}.Release|Any CPU.ActiveCfg = Release|Any CPU
		{DAAE1A4A-5425-4E6E-9EC8-108BBBC704BE}.Release|Any CPU.Build.0 = Release|Any CPU
	EndGlobalSection
	GlobalSection(SolutionProperties) = preSolution
		HideSolutionNode = FALSE
	EndGlobalSection
	GlobalSection(ExtensibilityGlobals) = postSolution
		SolutionGuid = {0F90626C-58ED-4248-9653-CF297B982C19}
	EndGlobalSection
EndGlobal
